{
  "nodes": {
    "nixCats": {
      "locked": {
        "lastModified": 1730539821,
        "narHash": "sha256-iXVff8Ysq5qGbd3YABS+kHrqy/PcnQmQhVanHR3klpQ=",
        "owner": "BirdeeHub",
        "repo": "nixCats-nvim",
        "rev": "73415daf0b97124e3ce5250460a29ad05c886ef7",
        "type": "github"
      },
      "original": {
        "owner": "BirdeeHub",
        "repo": "nixCats-nvim",
        "type": "github"
      }
    },
    "nixpkgs": {
      "locked": {
        "lastModified": 1730272153,
        "narHash": "sha256-B5WRZYsRlJgwVHIV6DvidFN7VX7Fg9uuwkRW9Ha8z+w=",
        "owner": "nixos",
        "repo": "nixpkgs",
        "rev": "2d2a9ddbe3f2c00747398f3dc9b05f7f2ebb0f53",
        "type": "github"
      },
      "original": {
        "owner": "nixos",
        "ref": "nixpkgs-unstable",
        "repo": "nixpkgs",
        "type": "github"
      }
    },
    "plugins-auto-save": {
      "flake": false,
      "locked": {
        "lastModified": 1728590199,
        "narHash": "sha256-NN03WnGyb6IOomNW6ZdoHR1apnOxTnGGl/zRd24Kl9k=",
        "owner": "okuuva",
        "repo": "auto-save.nvim",
        "rev": "5fbcaac0a2698c87a9a1bd2083cb6949505cca12",
        "type": "github"
      },
      "original": {
        "owner": "okuuva",
        "repo": "auto-save.nvim",
        "type": "github"
      }
    },
    "plugins-blink-cmp": {
      "flake": false,
      "locked": {
        "lastModified": 1730585132,
        "narHash": "sha256-rR4RuP7FBy4HVtLGwJONqvxpIWqEYtXgWiZXIlJkT1o=",
        "owner": "saghen",
        "repo": "blink.cmp",
        "rev": "0b4bbe782735fc6825c6bfb04eba0a2ac6fb66be",
        "type": "github"
      },
      "original": {
        "owner": "saghen",
        "repo": "blink.cmp",
        "type": "github"
      }
    },
    "plugins-large_file": {
      "flake": false,
      "locked": {
        "lastModified": 1711288079,
        "narHash": "sha256-0yxPl242N5pi4CvR1TsD+yzkps2Ej9pAHXWOMRoOazk=",
        "owner": "mireq",
        "repo": "large_file",
        "rev": "d9740134f80994d56f50e2931ba9307f49e420dc",
        "type": "github"
      },
      "original": {
        "owner": "mireq",
        "repo": "large_file",
        "type": "github"
      }
    },
    "root": {
      "inputs": {
        "nixCats": "nixCats",
        "nixpkgs": "nixpkgs",
        "plugins-auto-save": "plugins-auto-save",
        "plugins-blink-cmp": "plugins-blink-cmp",
        "plugins-large_file": "plugins-large_file"
      }
    }
  },
  "root": "root",
  "version": 7
}
