{
  "nodes": {
    "awesome-neovim-plugins": {
      "inputs": {
        "flake-compat": "flake-compat",
        "flake-utils": "flake-utils",
        "nixpkgs": "nixpkgs"
      },
      "locked": {
        "lastModified": 1731203079,
        "narHash": "sha256-+qLCkGrjuZAgvoeRi7Zjxav2KlhH0DvXAjSXQSBPW0Q=",
        "owner": "m15a",
        "repo": "flake-awesome-neovim-plugins",
        "rev": "669fad436c2cf89ffa5fc75f31c77e787af24d81",
        "type": "github"
      },
      "original": {
        "owner": "m15a",
        "repo": "flake-awesome-neovim-plugins",
        "type": "github"
      }
    },
    "blink-cmp": {
      "inputs": {
        "fenix": "fenix",
        "flake-parts": "flake-parts",
        "nixpkgs": "nixpkgs_2"
      },
      "locked": {
        "lastModified": 1731163451,
        "narHash": "sha256-uCfpdgjaDKvDbBlik1CQ7mKq3xzYEnmUnAmClqTvu7w=",
        "owner": "saghen",
        "repo": "blink.cmp",
        "rev": "50457f9b6d97602d4bf277fcee214c868cf1912c",
        "type": "github"
      },
      "original": {
        "owner": "saghen",
        "repo": "blink.cmp",
        "type": "github"
      }
    },
    "fenix": {
      "inputs": {
        "nixpkgs": [
          "blink-cmp",
          "nixpkgs"
        ],
        "rust-analyzer-src": "rust-analyzer-src"
      },
      "locked": {
        "lastModified": 1730097176,
        "narHash": "sha256-ufvRff76Y19mkRsmx+mAnxKE9A9VaNWC2mVY6TwumOw=",
        "owner": "nix-community",
        "repo": "fenix",
        "rev": "482b57f3f27a9336e0fbc62fa99ee0f624ccf4d0",
        "type": "github"
      },
      "original": {
        "owner": "nix-community",
        "repo": "fenix",
        "type": "github"
      }
    },
    "flake-compat": {
      "flake": false,
      "locked": {
        "lastModified": 1696426674,
        "narHash": "sha256-kvjfFW7WAETZlt09AgDn1MrtKzP7t90Vf7vypd3OL1U=",
        "owner": "edolstra",
        "repo": "flake-compat",
        "rev": "0f9255e01c2351cc7d116c072cb317785dd33b33",
        "type": "github"
      },
      "original": {
        "owner": "edolstra",
        "repo": "flake-compat",
        "type": "github"
      }
    },
    "flake-parts": {
      "inputs": {
        "nixpkgs-lib": "nixpkgs-lib"
      },
      "locked": {
        "lastModified": 1727826117,
        "narHash": "sha256-K5ZLCyfO/Zj9mPFldf3iwS6oZStJcU4tSpiXTMYaaL0=",
        "owner": "hercules-ci",
        "repo": "flake-parts",
        "rev": "3d04084d54bedc3d6b8b736c70ef449225c361b1",
        "type": "github"
      },
      "original": {
        "owner": "hercules-ci",
        "repo": "flake-parts",
        "type": "github"
      }
    },
    "flake-utils": {
      "inputs": {
        "systems": "systems"
      },
      "locked": {
        "lastModified": 1726560853,
        "narHash": "sha256-X6rJYSESBVr3hBoH0WbKE5KvhPU5bloyZ2L4K60/fPQ=",
        "owner": "numtide",
        "repo": "flake-utils",
        "rev": "c1dfcf08411b08f6b8615f7d8971a2bfa81d5e8a",
        "type": "github"
      },
      "original": {
        "owner": "numtide",
        "repo": "flake-utils",
        "type": "github"
      }
    },
    "nixCats": {
      "locked": {
        "lastModified": 1731158196,
        "narHash": "sha256-oc851+hDy2Q4MgRSnHLQg8IcBloOZ30wpet8xdIiVLo=",
        "owner": "BirdeeHub",
        "repo": "nixCats-nvim",
        "rev": "21d9fb09bec7ec70ae8b82594f53cbdee171176a",
        "type": "github"
      },
      "original": {
        "owner": "BirdeeHub",
        "repo": "nixCats-nvim",
        "type": "github"
      }
    },
    "nixpkgs": {
      "locked": {
        "lastModified": 1730831018,
        "narHash": "sha256-2S0HwIFRxYp+afuoFORcZA9TjryAf512GmE0MTfEOPU=",
        "owner": "NixOS",
        "repo": "nixpkgs",
        "rev": "8c4dc69b9732f6bbe826b5fbb32184987520ff26",
        "type": "github"
      },
      "original": {
        "owner": "NixOS",
        "ref": "nixpkgs-unstable",
        "repo": "nixpkgs",
        "type": "github"
      }
    },
    "nixpkgs-lib": {
      "locked": {
        "lastModified": 1727825735,
        "narHash": "sha256-0xHYkMkeLVQAMa7gvkddbPqpxph+hDzdu1XdGPJR+Os=",
        "type": "tarball",
        "url": "https://github.com/NixOS/nixpkgs/archive/fb192fec7cc7a4c26d51779e9bab07ce6fa5597a.tar.gz"
      },
      "original": {
        "type": "tarball",
        "url": "https://github.com/NixOS/nixpkgs/archive/fb192fec7cc7a4c26d51779e9bab07ce6fa5597a.tar.gz"
      }
    },
    "nixpkgs_2": {
      "locked": {
        "lastModified": 1716977621,
        "narHash": "sha256-Q1UQzYcMJH4RscmpTkjlgqQDX5yi1tZL0O345Ri6vXQ=",
        "owner": "cachix",
        "repo": "devenv-nixpkgs",
        "rev": "4267e705586473d3e5c8d50299e71503f16a6fb6",
        "type": "github"
      },
      "original": {
        "owner": "cachix",
        "ref": "rolling",
        "repo": "devenv-nixpkgs",
        "type": "github"
      }
    },
    "nixpkgs_3": {
      "locked": {
        "lastModified": 1730958623,
        "narHash": "sha256-JwQZIGSYnRNOgDDoIgqKITrPVil+RMWHsZH1eE1VGN0=",
        "owner": "nixos",
        "repo": "nixpkgs",
        "rev": "85f7e662eda4fa3a995556527c87b2524b691933",
        "type": "github"
      },
      "original": {
        "owner": "nixos",
        "ref": "nixpkgs-unstable",
        "repo": "nixpkgs",
        "type": "github"
      }
    },
    "plugins-auto-save": {
      "flake": false,
      "locked": {
        "lastModified": 1728590199,
        "narHash": "sha256-NN03WnGyb6IOomNW6ZdoHR1apnOxTnGGl/zRd24Kl9k=",
        "owner": "okuuva",
        "repo": "auto-save.nvim",
        "rev": "5fbcaac0a2698c87a9a1bd2083cb6949505cca12",
        "type": "github"
      },
      "original": {
        "owner": "okuuva",
        "repo": "auto-save.nvim",
        "type": "github"
      }
    },
    "plugins-codecompanion": {
      "flake": false,
      "locked": {
        "lastModified": 1731171291,
        "narHash": "sha256-70CHaDg+cLButrCzYzDqr6ZHaO0hskCJrGjyRD52+YM=",
        "owner": "olimorris",
        "repo": "codecompanion.nvim",
        "rev": "0f10c646d60b6f4650aa533c9c2968a43ca86d7c",
        "type": "github"
      },
      "original": {
        "owner": "olimorris",
        "repo": "codecompanion.nvim",
        "type": "github"
      }
    },
    "plugins-heirline-components": {
      "flake": false,
      "locked": {
        "lastModified": 1729185111,
        "narHash": "sha256-cCT6n/dASx5+/mKOVCEoEn4+w6h12dMqJMjaiat0vq4=",
        "owner": "Zeioth",
        "repo": "heirline-components.nvim",
        "rev": "1ca5d501134d5c85b9e43dd0504447a1dceb90fa",
        "type": "github"
      },
      "original": {
        "owner": "Zeioth",
        "repo": "heirline-components.nvim",
        "type": "github"
      }
    },
    "plugins-large_file": {
      "flake": false,
      "locked": {
        "lastModified": 1711288079,
        "narHash": "sha256-0yxPl242N5pi4CvR1TsD+yzkps2Ej9pAHXWOMRoOazk=",
        "owner": "mireq",
        "repo": "large_file",
        "rev": "d9740134f80994d56f50e2931ba9307f49e420dc",
        "type": "github"
      },
      "original": {
        "owner": "mireq",
        "repo": "large_file",
        "type": "github"
      }
    },
    "root": {
      "inputs": {
        "awesome-neovim-plugins": "awesome-neovim-plugins",
        "blink-cmp": "blink-cmp",
        "nixCats": "nixCats",
        "nixpkgs": "nixpkgs_3",
        "plugins-auto-save": "plugins-auto-save",
        "plugins-codecompanion": "plugins-codecompanion",
        "plugins-heirline-components": "plugins-heirline-components",
        "plugins-large_file": "plugins-large_file"
      }
    },
    "rust-analyzer-src": {
      "flake": false,
      "locked": {
        "lastModified": 1730028316,
        "narHash": "sha256-FsPsSjqnqMHBgDdM24DFLw4YOw0mFKYFJBcLaI6CvI8=",
        "owner": "rust-lang",
        "repo": "rust-analyzer",
        "rev": "3b3a87fe9bd3f2a79942babc1d1e385b6805c384",
        "type": "github"
      },
      "original": {
        "owner": "rust-lang",
        "ref": "nightly",
        "repo": "rust-analyzer",
        "type": "github"
      }
    },
    "systems": {
      "locked": {
        "lastModified": 1681028828,
        "narHash": "sha256-Vy1rq5AaRuLzOxct8nz4T6wlgyUR7zLU309k9mBC768=",
        "owner": "nix-systems",
        "repo": "default",
        "rev": "da67096a3b9bf56a91d16901293e51ba5b49a27e",
        "type": "github"
      },
      "original": {
        "owner": "nix-systems",
        "repo": "default",
        "type": "github"
      }
    }
  },
  "root": "root",
  "version": 7
}
